
Microsoft Visual Studio Solution File, Format Version 12.00
# Visual Studio Version 16
VisualStudioVersion = 16.0.29609.76
MinimumVisualStudioVersion = 10.0.40219.1
Project("{FAE04EC0-301F-11D3-BF4B-00C04F79EFBC}") = "SimpleStressTest", "StressTest\SimpleStressTest.csproj", "{AE12FD50-040C-40CC-A09F-3499395CE04D}"
EndProject
Global
	GlobalSection(SolutionConfigurationPlatforms) = preSolution
		Debug|Any CPU = Debug|Any CPU
		Release|Any CPU = Release|Any CPU
	EndGlobalSection
	GlobalSection(ProjectConfigurationPlatforms) = postSolution
		{AE12FD50-040C-40CC-A09F-3499395CE04D}.Debug|Any CPU.ActiveCfg = Debug|Any CPU
		{AE12FD50-040C-40CC-A09F-3499395CE04D}.Debug|Any CPU.Build.0 = Debug|Any CPU
		{AE12FD50-040C-40CC-A09F-3499395CE04D}.Release|Any CPU.ActiveCfg = Release|Any CPU
		{AE12FD50-040C-40CC-A09F-3499395CE04D}.Release|Any CPU.Build.0 = Release|Any CPU
	EndGlobalSection
	GlobalSection(SolutionProperties) = preSolution
		HideSolutionNode = FALSE
	EndGlobalSection
	GlobalSection(ExtensibilityGlobals) = postSolution
		SolutionGuid = {7F54BD99-DC2E-40AA-82B1-15D557CC918D}
	EndGlobalSection
EndGlobal
